
Microsoft Visual Studio Solution File, Format Version 12.00
# Visual Studio Version 17
VisualStudioVersion = 17.8.34316.72
MinimumVisualStudioVersion = 10.0.40219.1
Project("{FAE04EC0-301F-11D3-BF4B-00C04F79EFBC}") = "EmployeeDetailsCRUD", "EmployeeDetailsCRUD.csproj", "{1D4C3E68-1076-4D4C-BB1D-E36F8742CED0}"
EndProject
Global
	GlobalSection(SolutionConfigurationPlatforms) = preSolution
		Debug|Any CPU = Debug|Any CPU
		Release|Any CPU = Release|Any CPU
	EndGlobalSection
	GlobalSection(ProjectConfigurationPlatforms) = postSolution
		{1D4C3E68-1076-4D4C-BB1D-E36F8742CED0}.Debug|Any CPU.ActiveCfg = Debug|Any CPU
		{1D4C3E68-1076-4D4C-BB1D-E36F8742CED0}.Debug|Any CPU.Build.0 = Debug|Any CPU
		{1D4C3E68-1076-4D4C-BB1D-E36F8742CED0}.Release|Any CPU.ActiveCfg = Release|Any CPU
		{1D4C3E68-1076-4D4C-BB1D-E36F8742CED0}.Release|Any CPU.Build.0 = Release|Any CPU
	EndGlobalSection
	GlobalSection(SolutionProperties) = preSolution
		HideSolutionNode = FALSE
	EndGlobalSection
	GlobalSection(ExtensibilityGlobals) = postSolution
		SolutionGuid = {4F0AD350-0FF5-45DA-A151-34105566DC2E}
	EndGlobalSection
EndGlobal
